// !$*UTF8*$!
{
	archiveVersion = 1;
	classes = {
	};
	objectVersion = 50;
	objects = {

/* Begin PBXBuildFile section */
		669A26E7254A2F8214322A0C /* Pods_Todoey.framework in Frameworks */ = {isa = PBXBuildFile; fileRef = FA51D0AB4FEA1C754AECC0B4 /* Pods_Todoey.framework */; };
		8A53C21D21DF3EA700B46A83 /* AppDelegate.swift in Sources */ = {isa = PBXBuildFile; fileRef = 8A53C21C21DF3EA700B46A83 /* AppDelegate.swift */; };
		8A53C21F21DF3EA700B46A83 /* TodoListViewController.swift in Sources */ = {isa = PBXBuildFile; fileRef = 8A53C21E21DF3EA700B46A83 /* TodoListViewController.swift */; };
		8A53C22221DF3EA700B46A83 /* Main.storyboard in Resources */ = {isa = PBXBuildFile; fileRef = 8A53C22021DF3EA700B46A83 /* Main.storyboard */; };
		8A53C22421DF3EA800B46A83 /* Assets.xcassets in Resources */ = {isa = PBXBuildFile; fileRef = 8A53C22321DF3EA800B46A83 /* Assets.xcassets */; };
		8A53C22721DF3EA800B46A83 /* LaunchScreen.storyboard in Resources */ = {isa = PBXBuildFile; fileRef = 8A53C22521DF3EA800B46A83 /* LaunchScreen.storyboard */; };
		8A66DFE1227D75770015B163 /* DataModel.xcdatamodeld in Sources */ = {isa = PBXBuildFile; fileRef = 8A66DFDF227D75770015B163 /* DataModel.xcdatamodeld */; };
		8AD35534227F60E900BB6972 /* CategoryViewController.swift in Sources */ = {isa = PBXBuildFile; fileRef = 8AD35533227F60E900BB6972 /* CategoryViewController.swift */; };
/* End PBXBuildFile section */

/* Begin PBXFileReference section */
		0AA910C5ABC66518A4869D30 /* Pods-Todoey.release.xcconfig */ = {isa = PBXFileReference; includeInIndex = 1; lastKnownFileType = text.xcconfig; name = "Pods-Todoey.release.xcconfig"; path = "Pods/Target Support Files/Pods-Todoey/Pods-Todoey.release.xcconfig"; sourceTree = "<group>"; };
		8A53C21921DF3EA700B46A83 /* Todoey.app */ = {isa = PBXFileReference; explicitFileType = wrapper.application; includeInIndex = 0; path = Todoey.app; sourceTree = BUILT_PRODUCTS_DIR; };
		8A53C21C21DF3EA700B46A83 /* AppDelegate.swift */ = {isa = PBXFileReference; lastKnownFileType = sourcecode.swift; path = AppDelegate.swift; sourceTree = "<group>"; };
		8A53C21E21DF3EA700B46A83 /* TodoListViewController.swift */ = {isa = PBXFileReference; lastKnownFileType = sourcecode.swift; path = TodoListViewController.swift; sourceTree = "<group>"; };
		8A53C22121DF3EA700B46A83 /* Base */ = {isa = PBXFileReference; lastKnownFileType = file.storyboard; name = Base; path = Base.lproj/Main.storyboard; sourceTree = "<group>"; };
		8A53C22321DF3EA800B46A83 /* Assets.xcassets */ = {isa = PBXFileReference; lastKnownFileType = folder.assetcatalog; path = Assets.xcassets; sourceTree = "<group>"; };
		8A53C22621DF3EA800B46A83 /* Base */ = {isa = PBXFileReference; lastKnownFileType = file.storyboard; name = Base; path = Base.lproj/LaunchScreen.storyboard; sourceTree = "<group>"; };
		8A53C22821DF3EA800B46A83 /* Info.plist */ = {isa = PBXFileReference; lastKnownFileType = text.plist.xml; path = Info.plist; sourceTree = "<group>"; };
		8A66DFE0227D75770015B163 /* DataModel.xcdatamodel */ = {isa = PBXFileReference; lastKnownFileType = wrapper.xcdatamodel; path = DataModel.xcdatamodel; sourceTree = "<group>"; };
		8AD35533227F60E900BB6972 /* CategoryViewController.swift */ = {isa = PBXFileReference; lastKnownFileType = sourcecode.swift; path = CategoryViewController.swift; sourceTree = "<group>"; };
		8C52BD9D6770403761E5FAAD /* Pods-Todoey.debug.xcconfig */ = {isa = PBXFileReference; includeInIndex = 1; lastKnownFileType = text.xcconfig; name = "Pods-Todoey.debug.xcconfig"; path = "Pods/Target Support Files/Pods-Todoey/Pods-Todoey.debug.xcconfig"; sourceTree = "<group>"; };
		FA51D0AB4FEA1C754AECC0B4 /* Pods_Todoey.framework */ = {isa = PBXFileReference; explicitFileType = wrapper.framework; includeInIndex = 0; path = Pods_Todoey.framework; sourceTree = BUILT_PRODUCTS_DIR; };
/* End PBXFileReference section */

/* Begin PBXFrameworksBuildPhase section */
		8A53C21621DF3EA700B46A83 /* Frameworks */ = {
			isa = PBXFrameworksBuildPhase;
			buildActionMask = 2147483647;
			files = (
				669A26E7254A2F8214322A0C /* Pods_Todoey.framework in Frameworks */,
			);
			runOnlyForDeploymentPostprocessing = 0;
		};
/* End PBXFrameworksBuildPhase section */

/* Begin PBXGroup section */
		5AA96B98DD237A1F4308C72D /* Pods */ = {
			isa = PBXGroup;
			children = (
				8C52BD9D6770403761E5FAAD /* Pods-Todoey.debug.xcconfig */,
				0AA910C5ABC66518A4869D30 /* Pods-Todoey.release.xcconfig */,
			);
			name = Pods;
			sourceTree = "<group>";
		};
		8A118D3C21FCE092008C4E47 /* Data Model */ = {
			isa = PBXGroup;
			children = (
				8A66DFDF227D75770015B163 /* DataModel.xcdatamodeld */,
			);
			path = "Data Model";
			sourceTree = "<group>";
		};
		8A118D3D21FCE0A1008C4E47 /* Controllers */ = {
			isa = PBXGroup;
			children = (
				8AD35533227F60E900BB6972 /* CategoryViewController.swift */,
				8A53C21E21DF3EA700B46A83 /* TodoListViewController.swift */,
			);
			path = Controllers;
			sourceTree = "<group>";
		};
		8A118D3E21FCE0C7008C4E47 /* Views */ = {
			isa = PBXGroup;
			children = (
				8A53C22021DF3EA700B46A83 /* Main.storyboard */,
			);
			path = Views;
			sourceTree = "<group>";
		};
		8A118D3F21FCE0FE008C4E47 /* Supporting files */ = {
			isa = PBXGroup;
			children = (
				8A53C22321DF3EA800B46A83 /* Assets.xcassets */,
				8A53C22521DF3EA800B46A83 /* LaunchScreen.storyboard */,
			);
			path = "Supporting files";
			sourceTree = "<group>";
		};
		8A53C21021DF3EA700B46A83 = {
			isa = PBXGroup;
			children = (
				8A53C21B21DF3EA700B46A83 /* Todoey */,
				8A53C21A21DF3EA700B46A83 /* Products */,
				5AA96B98DD237A1F4308C72D /* Pods */,
				C70DF515940CF46963FA49E3 /* Frameworks */,
			);
			sourceTree = "<group>";
		};
		8A53C21A21DF3EA700B46A83 /* Products */ = {
			isa = PBXGroup;
			children = (
				8A53C21921DF3EA700B46A83 /* Todoey.app */,
			);
			name = Products;
			sourceTree = "<group>";
		};
		8A53C21B21DF3EA700B46A83 /* Todoey */ = {
			isa = PBXGroup;
			children = (
				8A53C21C21DF3EA700B46A83 /* AppDelegate.swift */,
				8A118D3D21FCE0A1008C4E47 /* Controllers */,
				8A118D3C21FCE092008C4E47 /* Data Model */,
				8A118D3E21FCE0C7008C4E47 /* Views */,
				8A118D3F21FCE0FE008C4E47 /* Supporting files */,
				8A53C22821DF3EA800B46A83 /* Info.plist */,
			);
			path = Todoey;
			sourceTree = "<group>";
		};
		C70DF515940CF46963FA49E3 /* Frameworks */ = {
			isa = PBXGroup;
			children = (
				FA51D0AB4FEA1C754AECC0B4 /* Pods_Todoey.framework */,
			);
			name = Frameworks;
			sourceTree = "<group>";
		};
/* End PBXGroup section */

/* Begin PBXNativeTarget section */
		8A53C21821DF3EA700B46A83 /* Todoey */ = {
			isa = PBXNativeTarget;
			buildConfigurationList = 8A53C22B21DF3EA800B46A83 /* Build configuration list for PBXNativeTarget "Todoey" */;
			buildPhases = (
				579B0DEB3C275FEFCD15EC5F /* [CP] Check Pods Manifest.lock */,
				8A53C21521DF3EA700B46A83 /* Sources */,
				8A53C21621DF3EA700B46A83 /* Frameworks */,
				8A53C21721DF3EA700B46A83 /* Resources */,
				CB4AE4289A45941562ECB290 /* [CP] Embed Pods Frameworks */,
			);
			buildRules = (
			);
			dependencies = (
			);
			name = Todoey;
			productName = Todoey;
			productReference = 8A53C21921DF3EA700B46A83 /* Todoey.app */;
			productType = "com.apple.product-type.application";
		};
/* End PBXNativeTarget section */

/* Begin PBXProject section */
		8A53C21121DF3EA700B46A83 /* Project object */ = {
			isa = PBXProject;
			attributes = {
				LastSwiftUpdateCheck = 1010;
				LastUpgradeCheck = 1010;
				ORGANIZATIONNAME = "Reshmi Kalpavraksh";
				TargetAttributes = {
					8A53C21821DF3EA700B46A83 = {
						CreatedOnToolsVersion = 10.1;
					};
				};
			};
			buildConfigurationList = 8A53C21421DF3EA700B46A83 /* Build configuration list for PBXProject "Todoey" */;
			compatibilityVersion = "Xcode 9.3";
			developmentRegion = en;
			hasScannedForEncodings = 0;
			knownRegions = (
				en,
				Base,
			);
			mainGroup = 8A53C21021DF3EA700B46A83;
			productRefGroup = 8A53C21A21DF3EA700B46A83 /* Products */;
			projectDirPath = "";
			projectRoot = "";
			targets = (
				8A53C21821DF3EA700B46A83 /* Todoey */,
			);
		};
/* End PBXProject section */

/* Begin PBXResourcesBuildPhase section */
		8A53C21721DF3EA700B46A83 /* Resources */ = {
			isa = PBXResourcesBuildPhase;
			buildActionMask = 2147483647;
			files = (
				8A53C22721DF3EA800B46A83 /* LaunchScreen.storyboard in Resources */,
				8A53C22421DF3EA800B46A83 /* Assets.xcassets in Resources */,
				8A53C22221DF3EA700B46A83 /* Main.storyboard in Resources */,
			);
			runOnlyForDeploymentPostprocessing = 0;
		};
/* End PBXResourcesBuildPhase section */

/* Begin PBXShellScriptBuildPhase section */
		579B0DEB3C275FEFCD15EC5F /* [CP] Check Pods Manifest.lock */ = {
			isa = PBXShellScriptBuildPhase;
			buildActionMask = 2147483647;
			files = (
			);
			inputPaths = (
				"${PODS_PODFILE_DIR_PATH}/Podfile.lock",
				"${PODS_ROOT}/Manifest.lock",
			);
			name = "[CP] Check Pods Manifest.lock";
			outputPaths = (
				"$(DERIVED_FILE_DIR)/Pods-Todoey-checkManifestLockResult.txt",
			);
			runOnlyForDeploymentPostprocessing = 0;
			shellPath = /bin/sh;
			shellScript = "diff \"${PODS_PODFILE_DIR_PATH}/Podfile.lock\" \"${PODS_ROOT}/Manifest.lock\" > /dev/null\nif [ $? != 0 ] ; then\n    # print error to STDERR\n    echo \"error: The sandbox is not in sync with the Podfile.lock. Run 'pod install' or update your CocoaPods installation.\" >&2\n    exit 1\nfi\n# This output is used by Xcode 'outputs' to avoid re-running this script phase.\necho \"SUCCESS\" > \"${SCRIPT_OUTPUT_FILE_0}\"\n";
			showEnvVarsInLog = 0;
		};
		CB4AE4289A45941562ECB290 /* [CP] Embed Pods Frameworks */ = {
			isa = PBXShellScriptBuildPhase;
			buildActionMask = 2147483647;
			files = (
			);
			inputPaths = (
				"${SRCROOT}/Pods/Target Support Files/Pods-Todoey/Pods-Todoey-frameworks.sh",
				"${BUILT_PRODUCTS_DIR}/Realm/Realm.framework",
				"${BUILT_PRODUCTS_DIR}/RealmSwift/RealmSwift.framework",
			);
			name = "[CP] Embed Pods Frameworks";
			outputPaths = (
				"${TARGET_BUILD_DIR}/${FRAMEWORKS_FOLDER_PATH}/Realm.framework",
				"${TARGET_BUILD_DIR}/${FRAMEWORKS_FOLDER_PATH}/RealmSwift.framework",
			);
			runOnlyForDeploymentPostprocessing = 0;
			shellPath = /bin/sh;
			shellScript = "\"${SRCROOT}/Pods/Target Support Files/Pods-Todoey/Pods-Todoey-frameworks.sh\"\n";
			showEnvVarsInLog = 0;
		};
/* End PBXShellScriptBuildPhase section */

/* Begin PBXSourcesBuildPhase section */
		8A53C21521DF3EA700B46A83 /* Sources */ = {
			isa = PBXSourcesBuildPhase;
			buildActionMask = 2147483647;
			files = (
				8AD35534227F60E900BB6972 /* CategoryViewController.swift in Sources */,
				8A53C21F21DF3EA700B46A83 /* TodoListViewController.swift in Sources */,
				8A66DFE1227D75770015B163 /* DataModel.xcdatamodeld in Sources */,
				8A53C21D21DF3EA700B46A83 /* AppDelegate.swift in Sources */,
			);
			runOnlyForDeploymentPostprocessing = 0;
		};
/* End PBXSourcesBuildPhase section */

/* Begin PBXVariantGroup section */
		8A53C22021DF3EA700B46A83 /* Main.storyboard */ = {
			isa = PBXVariantGroup;
			children = (
				8A53C22121DF3EA700B46A83 /* Base */,
			);
			name = Main.storyboard;
			sourceTree = "<group>";
		};
		8A53C22521DF3EA800B46A83 /* LaunchScreen.storyboard */ = {
			isa = PBXVariantGroup;
			children = (
				8A53C22621DF3EA800B46A83 /* Base */,
			);
			name = LaunchScreen.storyboard;
			sourceTree = "<group>";
		};
/* End PBXVariantGroup section */

/* Begin XCBuildConfiguration section */
		8A53C22921DF3EA800B46A83 /* Debug */ = {
			isa = XCBuildConfiguration;
			buildSettings = {
				ALWAYS_SEARCH_USER_PATHS = NO;
				CLANG_ANALYZER_NONNULL = YES;
				CLANG_ANALYZER_NUMBER_OBJECT_CONVERSION = YES_AGGRESSIVE;
				CLANG_CXX_LANGUAGE_STANDARD = "gnu++14";
				CLANG_CXX_LIBRARY = "libc++";
				CLANG_ENABLE_MODULES = YES;
				CLANG_ENABLE_OBJC_ARC = YES;
				CLANG_ENABLE_OBJC_WEAK = YES;
				CLANG_WARN_BLOCK_CAPTURE_AUTORELEASING = YES;
				CLANG_WARN_BOOL_CONVERSION = YES;
				CLANG_WARN_COMMA = YES;
				CLANG_WARN_CONSTANT_CONVERSION = YES;
				CLANG_WARN_DEPRECATED_OBJC_IMPLEMENTATIONS = YES;
				CLANG_WARN_DIRECT_OBJC_ISA_USAGE = YES_ERROR;
				CLANG_WARN_DOCUMENTATION_COMMENTS = YES;
				CLANG_WARN_EMPTY_BODY = YES;
				CLANG_WARN_ENUM_CONVERSION = YES;
				CLANG_WARN_INFINITE_RECURSION = YES;
				CLANG_WARN_INT_CONVERSION = YES;
				CLANG_WARN_NON_LITERAL_NULL_CONVERSION = YES;
				CLANG_WARN_OBJC_IMPLICIT_RETAIN_SELF = YES;
				CLANG_WARN_OBJC_LITERAL_CONVERSION = YES;
				CLANG_WARN_OBJC_ROOT_CLASS = YES_ERROR;
				CLANG_WARN_RANGE_LOOP_ANALYSIS = YES;
				CLANG_WARN_STRICT_PROTOTYPES = YES;
				CLANG_WARN_SUSPICIOUS_MOVE = YES;
				CLANG_WARN_UNGUARDED_AVAILABILITY = YES_AGGRESSIVE;
				CLANG_WARN_UNREACHABLE_CODE = YES;
				CLANG_WARN__DUPLICATE_METHOD_MATCH = YES;
				CODE_SIGN_IDENTITY = "iPhone Developer";
				COPY_PHASE_STRIP = NO;
				DEBUG_INFORMATION_FORMAT = dwarf;
				ENABLE_STRICT_OBJC_MSGSEND = YES;
				ENABLE_TESTABILITY = YES;
				GCC_C_LANGUAGE_STANDARD = gnu11;
				GCC_DYNAMIC_NO_PIC = NO;
				GCC_NO_COMMON_BLOCKS = YES;
				GCC_OPTIMIZATION_LEVEL = 0;
				GCC_PREPROCESSOR_DEFINITIONS = (
					"DEBUG=1",
					"$(inherited)",
				);
				GCC_WARN_64_TO_32_BIT_CONVERSION = YES;
				GCC_WARN_ABOUT_RETURN_TYPE = YES_ERROR;
				GCC_WARN_UNDECLARED_SELECTOR = YES;
				GCC_WARN_UNINITIALIZED_AUTOS = YES_AGGRESSIVE;
				GCC_WARN_UNUSED_FUNCTION = YES;
				GCC_WARN_UNUSED_VARIABLE = YES;
				IPHONEOS_DEPLOYMENT_TARGET = 12.1;
				MTL_ENABLE_DEBUG_INFO = INCLUDE_SOURCE;
				MTL_FAST_MATH = YES;
				ONLY_ACTIVE_ARCH = YES;
				SDKROOT = iphoneos;
				SWIFT_ACTIVE_COMPILATION_CONDITIONS = DEBUG;
				SWIFT_OPTIMIZATION_LEVEL = "-Onone";
			};
			name = Debug;
		};
		8A53C22A21DF3EA800B46A83 /* Release */ = {
			isa = XCBuildConfiguration;
			buildSettings = {
				ALWAYS_SEARCH_USER_PATHS = NO;
				CLANG_ANALYZER_NONNULL = YES;
				CLANG_ANALYZER_NUMBER_OBJECT_CONVERSION = YES_AGGRESSIVE;
				CLANG_CXX_LANGUAGE_STANDARD = "gnu++14";
				CLANG_CXX_LIBRARY = "libc++";
				CLANG_ENABLE_MODULES = YES;
				CLANG_ENABLE_OBJC_ARC = YES;
				CLANG_ENABLE_OBJC_WEAK = YES;
				CLANG_WARN_BLOCK_CAPTURE_AUTORELEASING = YES;
				CLANG_WARN_BOOL_CONVERSION = YES;
				CLANG_WARN_COMMA = YES;
				CLANG_WARN_CONSTANT_CONVERSION = YES;
				CLANG_WARN_DEPRECATED_OBJC_IMPLEMENTATIONS = YES;
				CLANG_WARN_DIRECT_OBJC_ISA_USAGE = YES_ERROR;
				CLANG_WARN_DOCUMENTATION_COMMENTS = YES;
				CLANG_WARN_EMPTY_BODY = YES;
				CLANG_WARN_ENUM_CONVERSION = YES;
				CLANG_WARN_INFINITE_RECURSION = YES;
				CLANG_WARN_INT_CONVERSION = YES;
				CLANG_WARN_NON_LITERAL_NULL_CONVERSION = YES;
				CLANG_WARN_OBJC_IMPLICIT_RETAIN_SELF = YES;
				CLANG_WARN_OBJC_LITERAL_CONVERSION = YES;
				CLANG_WARN_OBJC_ROOT_CLASS = YES_ERROR;
				CLANG_WARN_RANGE_LOOP_ANALYSIS = YES;
				CLANG_WARN_STRICT_PROTOTYPES = YES;
				CLANG_WARN_SUSPICIOUS_MOVE = YES;
				CLANG_WARN_UNGUARDED_AVAILABILITY = YES_AGGRESSIVE;
				CLANG_WARN_UNREACHABLE_CODE = YES;
				CLANG_WARN__DUPLICATE_METHOD_MATCH = YES;
				CODE_SIGN_IDENTITY = "iPhone Developer";
				COPY_PHASE_STRIP = NO;
				DEBUG_INFORMATION_FORMAT = "dwarf-with-dsym";
				ENABLE_NS_ASSERTIONS = NO;
				ENABLE_STRICT_OBJC_MSGSEND = YES;
				GCC_C_LANGUAGE_STANDARD = gnu11;
				GCC_NO_COMMON_BLOCKS = YES;
				GCC_WARN_64_TO_32_BIT_CONVERSION = YES;
				GCC_WARN_ABOUT_RETURN_TYPE = YES_ERROR;
				GCC_WARN_UNDECLARED_SELECTOR = YES;
				GCC_WARN_UNINITIALIZED_AUTOS = YES_AGGRESSIVE;
				GCC_WARN_UNUSED_FUNCTION = YES;
				GCC_WARN_UNUSED_VARIABLE = YES;
				IPHONEOS_DEPLOYMENT_TARGET = 12.1;
				MTL_ENABLE_DEBUG_INFO = NO;
				MTL_FAST_MATH = YES;
				SDKROOT = iphoneos;
				SWIFT_COMPILATION_MODE = wholemodule;
				SWIFT_OPTIMIZATION_LEVEL = "-O";
				VALIDATE_PRODUCT = YES;
			};
			name = Release;
		};
		8A53C22C21DF3EA800B46A83 /* Debug */ = {
			isa = XCBuildConfiguration;
			baseConfigurationReference = 8C52BD9D6770403761E5FAAD /* Pods-Todoey.debug.xcconfig */;
			buildSettings = {
				ASSETCATALOG_COMPILER_APPICON_NAME = AppIcon;
				CODE_SIGN_STYLE = Automatic;
				INFOPLIST_FILE = Todoey/Info.plist;
				LD_RUNPATH_SEARCH_PATHS = "$(inherited) @executable_path/Frameworks";
				PRODUCT_BUNDLE_IDENTIFIER = com.rnucollections.Todoey;
				PRODUCT_NAME = "$(TARGET_NAME)";
				SWIFT_VERSION = 4.2;
				TARGETED_DEVICE_FAMILY = "1,2";
			};
			name = Debug;
		};
		8A53C22D21DF3EA800B46A83 /* Release */ = {
			isa = XCBuildConfiguration;
			baseConfigurationReference = 0AA910C5ABC66518A4869D30 /* Pods-Todoey.release.xcconfig */;
			buildSettings = {
				ASSETCATALOG_COMPILER_APPICON_NAME = AppIcon;
				CODE_SIGN_STYLE = Automatic;
				INFOPLIST_FILE = Todoey/Info.plist;
				LD_RUNPATH_SEARCH_PATHS = "$(inherited) @executable_path/Frameworks";
				PRODUCT_BUNDLE_IDENTIFIER = com.rnucollections.Todoey;
				PRODUCT_NAME = "$(TARGET_NAME)";
				SWIFT_VERSION = 4.2;
				TARGETED_DEVICE_FAMILY = "1,2";
			};
			name = Release;
		};
/* End XCBuildConfiguration section */

/* Begin XCConfigurationList section */
		8A53C21421DF3EA700B46A83 /* Build configuration list for PBXProject "Todoey" */ = {
			isa = XCConfigurationList;
			buildConfigurations = (
				8A53C22921DF3EA800B46A83 /* Debug */,
				8A53C22A21DF3EA800B46A83 /* Release */,
			);
			defaultConfigurationIsVisible = 0;
			defaultConfigurationName = Release;
		};
		8A53C22B21DF3EA800B46A83 /* Build configuration list for PBXNativeTarget "Todoey" */ = {
			isa = XCConfigurationList;
			buildConfigurations = (
				8A53C22C21DF3EA800B46A83 /* Debug */,
				8A53C22D21DF3EA800B46A83 /* Release */,
			);
			defaultConfigurationIsVisible = 0;
			defaultConfigurationName = Release;
		};
/* End XCConfigurationList section */

/* Begin XCVersionGroup section */
		8A66DFDF227D75770015B163 /* DataModel.xcdatamodeld */ = {
			isa = XCVersionGroup;
			children = (
				8A66DFE0227D75770015B163 /* DataModel.xcdatamodel */,
			);
			currentVersion = 8A66DFE0227D75770015B163 /* DataModel.xcdatamodel */;
			path = DataModel.xcdatamodeld;
			sourceTree = "<group>";
			versionGroupType = wrapper.xcdatamodel;
		};
/* End XCVersionGroup section */
	};
	rootObject = 8A53C21121DF3EA700B46A83 /* Project object */;
}
